Microsoft Visual Studio Solution File, Format Version 12.00
# Visual Studio Version 17
VisualStudioVersion = 17.5.2.0
MinimumVisualStudioVersion = 10.0.40219.1
Project("{FAE04EC0-301F-11D3-BF4B-00C04F79EFBC}") = "Sistema de Notas de Aluno", "Sistema de Notas de Aluno.csproj", "{8953054B-6CDA-AA32-501B-A35781598B6E}"
EndProject
Global
	GlobalSection(SolutionConfigurationPlatforms) = preSolution
		Debug|Any CPU = Debug|Any CPU
		Release|Any CPU = Release|Any CPU
	EndGlobalSection
	GlobalSection(ProjectConfigurationPlatforms) = postSolution
		{8953054B-6CDA-AA32-501B-A35781598B6E}.Debug|Any CPU.ActiveCfg = Debug|Any CPU
		{8953054B-6CDA-AA32-501B-A35781598B6E}.Debug|Any CPU.Build.0 = Debug|Any CPU
		{8953054B-6CDA-AA32-501B-A35781598B6E}.Release|Any CPU.ActiveCfg = Release|Any CPU
		{8953054B-6CDA-AA32-501B-A35781598B6E}.Release|Any CPU.Build.0 = Release|Any CPU
	EndGlobalSection
	GlobalSection(SolutionProperties) = preSolution
		HideSolutionNode = FALSE
	EndGlobalSection
	GlobalSection(ExtensibilityGlobals) = postSolution
		SolutionGuid = {6D217060-68B3-40FC-B738-A1F991FD8A52}
	EndGlobalSection
EndGlobal
